
Microsoft Visual Studio Solution File, Format Version 12.00
# Visual Studio Version 17
VisualStudioVersion = 17.0.32014.148
MinimumVisualStudioVersion = 10.0.40219.1
Project("{9A19103F-16F7-4668-BE54-9A1E7A4F7556}") = "MVCFestival", "MVCFestival\MVCFestival.csproj", "{ED224FFE-4F96-4A32-AB10-7E7E7DCF7B01}"
EndProject
Project("{FAE04EC0-301F-11D3-BF4B-00C04F79EFBC}") = "MVCFestival.DAL", "MVCFestival.DAL\MVCFestival.DAL.csproj", "{28C75726-3025-4F45-9C99-61C6C3E085FD}"
EndProject
Project("{FAE04EC0-301F-11D3-BF4B-00C04F79EFBC}") = "MVCFestival.API", "MVCFestival.API\MVCFestival.API.csproj", "{D805BFC0-0966-4FB9-9A55-8C4DF9F24E91}"
EndProject
Project("{FAE04EC0-301F-11D3-BF4B-00C04F79EFBC}") = "MVCFestival.UnitTest", "MVCFestival.UnitTest\MVCFestival.UnitTest.csproj", "{4738FB81-6847-4C82-9426-DA2B75D52D69}"
EndProject
Global
	GlobalSection(SolutionConfigurationPlatforms) = preSolution
		Debug|Any CPU = Debug|Any CPU
		Release|Any CPU = Release|Any CPU
	EndGlobalSection
	GlobalSection(ProjectConfigurationPlatforms) = postSolution
		{ED224FFE-4F96-4A32-AB10-7E7E7DCF7B01}.Debug|Any CPU.ActiveCfg = Debug|Any CPU
		{ED224FFE-4F96-4A32-AB10-7E7E7DCF7B01}.Debug|Any CPU.Build.0 = Debug|Any CPU
		{ED224FFE-4F96-4A32-AB10-7E7E7DCF7B01}.Release|Any CPU.ActiveCfg = Release|Any CPU
		{ED224FFE-4F96-4A32-AB10-7E7E7DCF7B01}.Release|Any CPU.Build.0 = Release|Any CPU
		{28C75726-3025-4F45-9C99-61C6C3E085FD}.Debug|Any CPU.ActiveCfg = Debug|Any CPU
		{28C75726-3025-4F45-9C99-61C6C3E085FD}.Debug|Any CPU.Build.0 = Debug|Any CPU
		{28C75726-3025-4F45-9C99-61C6C3E085FD}.Release|Any CPU.ActiveCfg = Release|Any CPU
		{28C75726-3025-4F45-9C99-61C6C3E085FD}.Release|Any CPU.Build.0 = Release|Any CPU
		{D805BFC0-0966-4FB9-9A55-8C4DF9F24E91}.Debug|Any CPU.ActiveCfg = Debug|Any CPU
		{D805BFC0-0966-4FB9-9A55-8C4DF9F24E91}.Debug|Any CPU.Build.0 = Debug|Any CPU
		{D805BFC0-0966-4FB9-9A55-8C4DF9F24E91}.Release|Any CPU.ActiveCfg = Release|Any CPU
		{D805BFC0-0966-4FB9-9A55-8C4DF9F24E91}.Release|Any CPU.Build.0 = Release|Any CPU
		{4738FB81-6847-4C82-9426-DA2B75D52D69}.Debug|Any CPU.ActiveCfg = Debug|Any CPU
		{4738FB81-6847-4C82-9426-DA2B75D52D69}.Debug|Any CPU.Build.0 = Debug|Any CPU
		{4738FB81-6847-4C82-9426-DA2B75D52D69}.Release|Any CPU.ActiveCfg = Release|Any CPU
		{4738FB81-6847-4C82-9426-DA2B75D52D69}.Release|Any CPU.Build.0 = Release|Any CPU
	EndGlobalSection
	GlobalSection(SolutionProperties) = preSolution
		HideSolutionNode = FALSE
	EndGlobalSection
	GlobalSection(ExtensibilityGlobals) = postSolution
		SolutionGuid = {11F1EC84-5C16-4FFB-B6A8-DA29A029E5F3}
	EndGlobalSection
EndGlobal
